
Microsoft Visual Studio Solution File, Format Version 12.00
# Visual Studio Version 16
VisualStudioVersion = 16.0.30517.126
MinimumVisualStudioVersion = 10.0.40219.1
Project("{FAE04EC0-301F-11D3-BF4B-00C04F79EFBC}") = "WpfApplication", "WpfApplication\WpfApplication.csproj", "{53DD2ED0-03DC-4D71-BC54-D2EDA124AB57}"
EndProject
Global
	GlobalSection(SolutionConfigurationPlatforms) = preSolution
		Debug|Any CPU = Debug|Any CPU
		Release|Any CPU = Release|Any CPU
	EndGlobalSection
	GlobalSection(ProjectConfigurationPlatforms) = postSolution
		{53DD2ED0-03DC-4D71-BC54-D2EDA124AB57}.Debug|Any CPU.ActiveCfg = Debug|Any CPU
		{53DD2ED0-03DC-4D71-BC54-D2EDA124AB57}.Debug|Any CPU.Build.0 = Debug|Any CPU
		{53DD2ED0-03DC-4D71-BC54-D2EDA124AB57}.Release|Any CPU.ActiveCfg = Release|Any CPU
		{53DD2ED0-03DC-4D71-BC54-D2EDA124AB57}.Release|Any CPU.Build.0 = Release|Any CPU
	EndGlobalSection
	GlobalSection(SolutionProperties) = preSolution
		HideSolutionNode = FALSE
	EndGlobalSection
	GlobalSection(ExtensibilityGlobals) = postSolution
		SolutionGuid = {CB04854D-C827-43D1-9CB1-BFE7C5F22C71}
	EndGlobalSection
EndGlobal
